
Microsoft Visual Studio Solution File, Format Version 12.00
# Visual Studio Version 17
VisualStudioVersion = 17.5.33530.505
MinimumVisualStudioVersion = 10.0.40219.1
Project("{FAE04EC0-301F-11D3-BF4B-00C04F79EFBC}") = "Projekt_BD", "Projekt_BD\Projekt_BD.csproj", "{4D11AC36-94FF-4392-9BD2-6255699B6904}"
EndProject
Global
	GlobalSection(SolutionConfigurationPlatforms) = preSolution
		Debug|Any CPU = Debug|Any CPU
		Release|Any CPU = Release|Any CPU
	EndGlobalSection
	GlobalSection(ProjectConfigurationPlatforms) = postSolution
		{4D11AC36-94FF-4392-9BD2-6255699B6904}.Debug|Any CPU.ActiveCfg = Debug|Any CPU
		{4D11AC36-94FF-4392-9BD2-6255699B6904}.Debug|Any CPU.Build.0 = Debug|Any CPU
		{4D11AC36-94FF-4392-9BD2-6255699B6904}.Release|Any CPU.ActiveCfg = Release|Any CPU
		{4D11AC36-94FF-4392-9BD2-6255699B6904}.Release|Any CPU.Build.0 = Release|Any CPU
	EndGlobalSection
	GlobalSection(SolutionProperties) = preSolution
		HideSolutionNode = FALSE
	EndGlobalSection
	GlobalSection(ExtensibilityGlobals) = postSolution
		SolutionGuid = {4463DB41-D5B4-43CF-BCDC-1F3599F73ACB}
	EndGlobalSection
EndGlobal
